
Microsoft Visual Studio Solution File, Format Version 12.00
# Visual Studio Version 17
VisualStudioVersion = 17.0.31903.59
MinimumVisualStudioVersion = 10.0.40219.1
Project("{FAE04EC0-301F-11D3-BF4B-00C04F79EFBC}") = "Airbnb.Core", "src\Airbnb.Core\Airbnb.Core.csproj", "{A1539F0D-E0F6-435B-A0E9-A5D6AF89CE0E}"
EndProject
Project("{FAE04EC0-301F-11D3-BF4B-00C04F79EFBC}") = "Airbnb.SharedKernel", "src\Airbnb.SharedKernel\Airbnb.SharedKernel.csproj", "{C5BF10C0-AF6C-4167-B5B6-234C951E02BA}"
EndProject
Project("{FAE04EC0-301F-11D3-BF4B-00C04F79EFBC}") = "Airbnb.Infra.Repository", "src\Airbnb.Infra.Repository\Airbnb.Infra.Repository.csproj", "{88963845-D522-4308-9AC5-DB4453C2712F}"
EndProject
Global
	GlobalSection(SolutionConfigurationPlatforms) = preSolution
		Debug|Any CPU = Debug|Any CPU
		Release|Any CPU = Release|Any CPU
	EndGlobalSection
	GlobalSection(ProjectConfigurationPlatforms) = postSolution
		{A1539F0D-E0F6-435B-A0E9-A5D6AF89CE0E}.Debug|Any CPU.ActiveCfg = Debug|Any CPU
		{A1539F0D-E0F6-435B-A0E9-A5D6AF89CE0E}.Debug|Any CPU.Build.0 = Debug|Any CPU
		{A1539F0D-E0F6-435B-A0E9-A5D6AF89CE0E}.Release|Any CPU.ActiveCfg = Release|Any CPU
		{A1539F0D-E0F6-435B-A0E9-A5D6AF89CE0E}.Release|Any CPU.Build.0 = Release|Any CPU
		{C5BF10C0-AF6C-4167-B5B6-234C951E02BA}.Debug|Any CPU.ActiveCfg = Debug|Any CPU
		{C5BF10C0-AF6C-4167-B5B6-234C951E02BA}.Debug|Any CPU.Build.0 = Debug|Any CPU
		{C5BF10C0-AF6C-4167-B5B6-234C951E02BA}.Release|Any CPU.ActiveCfg = Release|Any CPU
		{C5BF10C0-AF6C-4167-B5B6-234C951E02BA}.Release|Any CPU.Build.0 = Release|Any CPU
		{88963845-D522-4308-9AC5-DB4453C2712F}.Debug|Any CPU.ActiveCfg = Debug|Any CPU
		{88963845-D522-4308-9AC5-DB4453C2712F}.Debug|Any CPU.Build.0 = Debug|Any CPU
		{88963845-D522-4308-9AC5-DB4453C2712F}.Release|Any CPU.ActiveCfg = Release|Any CPU
		{88963845-D522-4308-9AC5-DB4453C2712F}.Release|Any CPU.Build.0 = Release|Any CPU
	EndGlobalSection
	GlobalSection(SolutionProperties) = preSolution
		HideSolutionNode = FALSE
	EndGlobalSection
EndGlobal
