
Microsoft Visual Studio Solution File, Format Version 12.00
# Visual Studio Version 17
VisualStudioVersion = 17.0.31903.59
MinimumVisualStudioVersion = 10.0.40219.1
Project("{FAE04EC0-301F-11D3-BF4B-00C04F79EFBC}") = "Airbnb.Core", "src\Airbnb.Core\Airbnb.Core.csproj", "{A1539F0D-E0F6-435B-A0E9-A5D6AF89CE0E}"
EndProject
Project("{FAE04EC0-301F-11D3-BF4B-00C04F79EFBC}") = "Airbnb.SharedKernel", "src\Airbnb.SharedKernel\Airbnb.SharedKernel.csproj", "{C5BF10C0-AF6C-4167-B5B6-234C951E02BA}"
EndProject
Project("{FAE04EC0-301F-11D3-BF4B-00C04F79EFBC}") = "Airbnb.Infra.Repository", "src\Airbnb.Infra.Repository\Airbnb.Infra.Repository.csproj", "{88963845-D522-4308-9AC5-DB4453C2712F}"
EndProject
Project("{2150E333-8FDC-42A3-9474-1A3956D46DE8}") = "Core", "Core", "{EC7AFAA5-8F14-4726-8785-EE2D11D2E87E}"
EndProject
Project("{2150E333-8FDC-42A3-9474-1A3956D46DE8}") = "Infrastructure", "Infrastructure", "{2EDA63D3-87D2-4568-9145-84933D6C66D7}"
EndProject
Project("{2150E333-8FDC-42A3-9474-1A3956D46DE8}") = "Tests", "Tests", "{293CDC82-9349-40B4-A0E9-C66CBFD3C583}"
EndProject
Project("{2150E333-8FDC-42A3-9474-1A3956D46DE8}") = "Api", "Api", "{EE58EBFA-B370-49D9-996C-5F369D6D0CFA}"
EndProject
Project("{2150E333-8FDC-42A3-9474-1A3956D46DE8}") = "AppService", "AppService", "{24804918-A0A5-44EA-827C-E9D413D5EDFA}"
EndProject
Project("{FAE04EC0-301F-11D3-BF4B-00C04F79EFBC}") = "Airbnb.AppService", "src\Airbnb.AppService\Airbnb.AppService.csproj", "{E5FDCF25-189B-4C1B-B52D-CB00F4FFD8EE}"
EndProject
Project("{FAE04EC0-301F-11D3-BF4B-00C04F79EFBC}") = "Airbnb.Api", "src\Airbnb.Api\Airbnb.Api.csproj", "{28481CF5-FAE7-4997-9BFE-24D5C8F5A420}"
EndProject
Project("{FAE04EC0-301F-11D3-BF4B-00C04F79EFBC}") = "Airbnb.UnitTests", "test\Airbnb.UnitTests\Airbnb.UnitTests.csproj", "{3F512AF4-A76C-405F-A2DF-49AAD8778247}"
EndProject
Project("{FAE04EC0-301F-11D3-BF4B-00C04F79EFBC}") = "Airbnb.Benchmark", "test\Airbnb.Benchmark\Airbnb.Benchmark.csproj", "{A81F8859-BC0A-40F6-8A12-A0CCD76014CC}"
EndProject
Project("{FAE04EC0-301F-11D3-BF4B-00C04F79EFBC}") = "Airbnb.Infra.DependencyInjection", "src\Airbnb.Infra.DependencyInjection\Airbnb.Infra.DependencyInjection.csproj", "{09FA4E07-97D9-44C4-A97A-0F595B0D6D5B}"
EndProject
Project("{FAE04EC0-301F-11D3-BF4B-00C04F79EFBC}") = "Airbnb.Infra.Broker", "src\Airbnb.Infra.Broker\Airbnb.Infra.Broker.csproj", "{612541F5-04A1-4850-AD35-3B6CB39B14C7}"
EndProject
Global
	GlobalSection(SolutionConfigurationPlatforms) = preSolution
		Debug|Any CPU = Debug|Any CPU
		Release|Any CPU = Release|Any CPU
	EndGlobalSection
	GlobalSection(ProjectConfigurationPlatforms) = postSolution
		{A1539F0D-E0F6-435B-A0E9-A5D6AF89CE0E}.Debug|Any CPU.ActiveCfg = Debug|Any CPU
		{A1539F0D-E0F6-435B-A0E9-A5D6AF89CE0E}.Debug|Any CPU.Build.0 = Debug|Any CPU
		{A1539F0D-E0F6-435B-A0E9-A5D6AF89CE0E}.Release|Any CPU.ActiveCfg = Release|Any CPU
		{A1539F0D-E0F6-435B-A0E9-A5D6AF89CE0E}.Release|Any CPU.Build.0 = Release|Any CPU
		{C5BF10C0-AF6C-4167-B5B6-234C951E02BA}.Debug|Any CPU.ActiveCfg = Debug|Any CPU
		{C5BF10C0-AF6C-4167-B5B6-234C951E02BA}.Debug|Any CPU.Build.0 = Debug|Any CPU
		{C5BF10C0-AF6C-4167-B5B6-234C951E02BA}.Release|Any CPU.ActiveCfg = Release|Any CPU
		{C5BF10C0-AF6C-4167-B5B6-234C951E02BA}.Release|Any CPU.Build.0 = Release|Any CPU
		{88963845-D522-4308-9AC5-DB4453C2712F}.Debug|Any CPU.ActiveCfg = Debug|Any CPU
		{88963845-D522-4308-9AC5-DB4453C2712F}.Debug|Any CPU.Build.0 = Debug|Any CPU
		{88963845-D522-4308-9AC5-DB4453C2712F}.Release|Any CPU.ActiveCfg = Release|Any CPU
		{88963845-D522-4308-9AC5-DB4453C2712F}.Release|Any CPU.Build.0 = Release|Any CPU
		{E5FDCF25-189B-4C1B-B52D-CB00F4FFD8EE}.Debug|Any CPU.ActiveCfg = Debug|Any CPU
		{E5FDCF25-189B-4C1B-B52D-CB00F4FFD8EE}.Debug|Any CPU.Build.0 = Debug|Any CPU
		{E5FDCF25-189B-4C1B-B52D-CB00F4FFD8EE}.Release|Any CPU.ActiveCfg = Release|Any CPU
		{E5FDCF25-189B-4C1B-B52D-CB00F4FFD8EE}.Release|Any CPU.Build.0 = Release|Any CPU
		{28481CF5-FAE7-4997-9BFE-24D5C8F5A420}.Debug|Any CPU.ActiveCfg = Debug|Any CPU
		{28481CF5-FAE7-4997-9BFE-24D5C8F5A420}.Debug|Any CPU.Build.0 = Debug|Any CPU
		{28481CF5-FAE7-4997-9BFE-24D5C8F5A420}.Release|Any CPU.ActiveCfg = Release|Any CPU
		{28481CF5-FAE7-4997-9BFE-24D5C8F5A420}.Release|Any CPU.Build.0 = Release|Any CPU
		{3F512AF4-A76C-405F-A2DF-49AAD8778247}.Debug|Any CPU.ActiveCfg = Debug|Any CPU
		{3F512AF4-A76C-405F-A2DF-49AAD8778247}.Debug|Any CPU.Build.0 = Debug|Any CPU
		{3F512AF4-A76C-405F-A2DF-49AAD8778247}.Release|Any CPU.ActiveCfg = Release|Any CPU
		{3F512AF4-A76C-405F-A2DF-49AAD8778247}.Release|Any CPU.Build.0 = Release|Any CPU
		{A81F8859-BC0A-40F6-8A12-A0CCD76014CC}.Debug|Any CPU.ActiveCfg = Debug|Any CPU
		{A81F8859-BC0A-40F6-8A12-A0CCD76014CC}.Debug|Any CPU.Build.0 = Debug|Any CPU
		{A81F8859-BC0A-40F6-8A12-A0CCD76014CC}.Release|Any CPU.ActiveCfg = Release|Any CPU
		{A81F8859-BC0A-40F6-8A12-A0CCD76014CC}.Release|Any CPU.Build.0 = Release|Any CPU
		{09FA4E07-97D9-44C4-A97A-0F595B0D6D5B}.Debug|Any CPU.ActiveCfg = Debug|Any CPU
		{09FA4E07-97D9-44C4-A97A-0F595B0D6D5B}.Debug|Any CPU.Build.0 = Debug|Any CPU
		{09FA4E07-97D9-44C4-A97A-0F595B0D6D5B}.Release|Any CPU.ActiveCfg = Release|Any CPU
		{09FA4E07-97D9-44C4-A97A-0F595B0D6D5B}.Release|Any CPU.Build.0 = Release|Any CPU
		{612541F5-04A1-4850-AD35-3B6CB39B14C7}.Debug|Any CPU.ActiveCfg = Debug|Any CPU
		{612541F5-04A1-4850-AD35-3B6CB39B14C7}.Debug|Any CPU.Build.0 = Debug|Any CPU
		{612541F5-04A1-4850-AD35-3B6CB39B14C7}.Release|Any CPU.ActiveCfg = Release|Any CPU
		{612541F5-04A1-4850-AD35-3B6CB39B14C7}.Release|Any CPU.Build.0 = Release|Any CPU
	EndGlobalSection
	GlobalSection(SolutionProperties) = preSolution
		HideSolutionNode = FALSE
	EndGlobalSection
	GlobalSection(NestedProjects) = preSolution
		{A1539F0D-E0F6-435B-A0E9-A5D6AF89CE0E} = {EC7AFAA5-8F14-4726-8785-EE2D11D2E87E}
		{C5BF10C0-AF6C-4167-B5B6-234C951E02BA} = {EC7AFAA5-8F14-4726-8785-EE2D11D2E87E}
		{88963845-D522-4308-9AC5-DB4453C2712F} = {2EDA63D3-87D2-4568-9145-84933D6C66D7}
		{E5FDCF25-189B-4C1B-B52D-CB00F4FFD8EE} = {24804918-A0A5-44EA-827C-E9D413D5EDFA}
		{28481CF5-FAE7-4997-9BFE-24D5C8F5A420} = {EE58EBFA-B370-49D9-996C-5F369D6D0CFA}
		{3F512AF4-A76C-405F-A2DF-49AAD8778247} = {293CDC82-9349-40B4-A0E9-C66CBFD3C583}
		{A81F8859-BC0A-40F6-8A12-A0CCD76014CC} = {293CDC82-9349-40B4-A0E9-C66CBFD3C583}
		{09FA4E07-97D9-44C4-A97A-0F595B0D6D5B} = {2EDA63D3-87D2-4568-9145-84933D6C66D7}
		{612541F5-04A1-4850-AD35-3B6CB39B14C7} = {2EDA63D3-87D2-4568-9145-84933D6C66D7}
	EndGlobalSection
EndGlobal
